// !$*UTF8*$!
{
	archiveVersion = 1;
	classes = {
	};
	objectVersion = 50;
	objects = {

/* Begin PBXBuildFile section */
		CDEFF4F621E7CF030017BD4F /* AppDelegate.swift in Sources */ = {isa = PBXBuildFile; fileRef = CDEFF4F521E7CF030017BD4F /* AppDelegate.swift */; };
		CDEFF4F821E7CF030017BD4F /* ImpactViewController.swift in Sources */ = {isa = PBXBuildFile; fileRef = CDEFF4F721E7CF030017BD4F /* ImpactViewController.swift */; };
		CDEFF4FB21E7CF030017BD4F /* Main.storyboard in Resources */ = {isa = PBXBuildFile; fileRef = CDEFF4F921E7CF030017BD4F /* Main.storyboard */; };
		CDEFF4FD21E7CF0B0017BD4F /* Assets.xcassets in Resources */ = {isa = PBXBuildFile; fileRef = CDEFF4FC21E7CF0B0017BD4F /* Assets.xcassets */; };
		CDEFF50021E7CF0B0017BD4F /* LaunchScreen.storyboard in Resources */ = {isa = PBXBuildFile; fileRef = CDEFF4FE21E7CF0B0017BD4F /* LaunchScreen.storyboard */; };
/* End PBXBuildFile section */

/* Begin PBXFileReference section */
		CDEFF4F221E7CF020017BD4F /* GlobalImpactApp.app */ = {isa = PBXFileReference; explicitFileType = wrapper.application; includeInIndex = 0; path = GlobalImpactApp.app; sourceTree = BUILT_PRODUCTS_DIR; };
		CDEFF4F521E7CF030017BD4F /* AppDelegate.swift */ = {isa = PBXFileReference; lastKnownFileType = sourcecode.swift; path = AppDelegate.swift; sourceTree = "<group>"; };
		CDEFF4F721E7CF030017BD4F /* ImpactViewController.swift */ = {isa = PBXFileReference; lastKnownFileType = sourcecode.swift; path = ImpactViewController.swift; sourceTree = "<group>"; };
		CDEFF4FA21E7CF030017BD4F /* Base */ = {isa = PBXFileReference; lastKnownFileType = file.storyboard; name = Base; path = Base.lproj/Main.storyboard; sourceTree = "<group>"; };
		CDEFF4FC21E7CF0B0017BD4F /* Assets.xcassets */ = {isa = PBXFileReference; lastKnownFileType = folder.assetcatalog; path = Assets.xcassets; sourceTree = "<group>"; };
		CDEFF4FF21E7CF0B0017BD4F /* Base */ = {isa = PBXFileReference; lastKnownFileType = file.storyboard; name = Base; path = Base.lproj/LaunchScreen.storyboard; sourceTree = "<group>"; };
		CDEFF50121E7CF0B0017BD4F /* Info.plist */ = {isa = PBXFileReference; lastKnownFileType = text.plist.xml; path = Info.plist; sourceTree = "<group>"; };
/* End PBXFileReference section */

/* Begin PBXFrameworksBuildPhase section */
		CDEFF4EF21E7CF020017BD4F /* Frameworks */ = {
			isa = PBXFrameworksBuildPhase;
			buildActionMask = 2147483647;
			files = (
			);
			runOnlyForDeploymentPostprocessing = 0;
		};
/* End PBXFrameworksBuildPhase section */

/* Begin PBXGroup section */
		CDEFF4E921E7CF020017BD4F = {
			isa = PBXGroup;
			children = (
				CDEFF4F421E7CF020017BD4F /* GlobalImpactApp */,
				CDEFF4F321E7CF020017BD4F /* Products */,
			);
			sourceTree = "<group>";
		};
		CDEFF4F321E7CF020017BD4F /* Products */ = {
			isa = PBXGroup;
			children = (
				CDEFF4F221E7CF020017BD4F /* GlobalImpactApp.app */,
			);
			name = Products;
			sourceTree = "<group>";
		};
		CDEFF4F421E7CF020017BD4F /* GlobalImpactApp */ = {
			isa = PBXGroup;
			children = (
				CDEFF50721E7CF390017BD4F /* Resources */,
				CDEFF50921E7CF9A0017BD4F /* Controller */,
				CDEFF50821E7CF8B0017BD4F /* View */,
			);
			path = GlobalImpactApp;
			sourceTree = "<group>";
		};
		CDEFF50721E7CF390017BD4F /* Resources */ = {
			isa = PBXGroup;
			children = (
				CDEFF4FC21E7CF0B0017BD4F /* Assets.xcassets */,
				CDEFF4F521E7CF030017BD4F /* AppDelegate.swift */,
				CDEFF50121E7CF0B0017BD4F /* Info.plist */,
			);
			path = Resources;
			sourceTree = "<group>";
		};
		CDEFF50821E7CF8B0017BD4F /* View */ = {
			isa = PBXGroup;
			children = (
				CDEFF4F921E7CF030017BD4F /* Main.storyboard */,
				CDEFF4FE21E7CF0B0017BD4F /* LaunchScreen.storyboard */,
			);
			path = View;
			sourceTree = "<group>";
		};
		CDEFF50921E7CF9A0017BD4F /* Controller */ = {
			isa = PBXGroup;
			children = (
				CDEFF4F721E7CF030017BD4F /* ImpactViewController.swift */,
			);
			path = Controller;
			sourceTree = "<group>";
		};
/* End PBXGroup section */

/* Begin PBXNativeTarget section */
		CDEFF4F121E7CF020017BD4F /* GlobalImpactApp */ = {
			isa = PBXNativeTarget;
			buildConfigurationList = CDEFF50421E7CF0B0017BD4F /* Build configuration list for PBXNativeTarget "GlobalImpactApp" */;
			buildPhases = (
				CDEFF4EE21E7CF020017BD4F /* Sources */,
				CDEFF4EF21E7CF020017BD4F /* Frameworks */,
				CDEFF4F021E7CF020017BD4F /* Resources */,
			);
			buildRules = (
			);
			dependencies = (
			);
			name = GlobalImpactApp;
			productName = GlobalImpactApp;
			productReference = CDEFF4F221E7CF020017BD4F /* GlobalImpactApp.app */;
			productType = "com.apple.product-type.application";
		};
/* End PBXNativeTarget section */

/* Begin PBXProject section */
		CDEFF4EA21E7CF020017BD4F /* Project object */ = {
			isa = PBXProject;
			attributes = {
				LastSwiftUpdateCheck = 1000;
				LastUpgradeCheck = 1000;
				ORGANIZATIONNAME = CTEC;
				TargetAttributes = {
					CDEFF4F121E7CF020017BD4F = {
						CreatedOnToolsVersion = 10.0;
					};
				};
			};
			buildConfigurationList = CDEFF4ED21E7CF020017BD4F /* Build configuration list for PBXProject "GlobalImpactApp" */;
			compatibilityVersion = "Xcode 9.3";
			developmentRegion = en;
			hasScannedForEncodings = 0;
			knownRegions = (
				en,
				Base,
			);
			mainGroup = CDEFF4E921E7CF020017BD4F;
			productRefGroup = CDEFF4F321E7CF020017BD4F /* Products */;
			projectDirPath = "";
			projectRoot = "";
			targets = (
				CDEFF4F121E7CF020017BD4F /* GlobalImpactApp */,
			);
		};
/* End PBXProject section */

/* Begin PBXResourcesBuildPhase section */
		CDEFF4F021E7CF020017BD4F /* Resources */ = {
			isa = PBXResourcesBuildPhase;
			buildActionMask = 2147483647;
			files = (
				CDEFF50021E7CF0B0017BD4F /* LaunchScreen.storyboard in Resources */,
				CDEFF4FD21E7CF0B0017BD4F /* Assets.xcassets in Resources */,
				CDEFF4FB21E7CF030017BD4F /* Main.storyboard in Resources */,
			);
			runOnlyForDeploymentPostprocessing = 0;
		};
/* End PBXResourcesBuildPhase section */

/* Begin PBXSourcesBuildPhase section */
		CDEFF4EE21E7CF020017BD4F /* Sources */ = {
			isa = PBXSourcesBuildPhase;
			buildActionMask = 2147483647;
			files = (
				CDEFF4F821E7CF030017BD4F /* ImpactViewController.swift in Sources */,
				CDEFF4F621E7CF030017BD4F /* AppDelegate.swift in Sources */,
			);
			runOnlyForDeploymentPostprocessing = 0;
		};
/* End PBXSourcesBuildPhase section */

/* Begin PBXVariantGroup section */
		CDEFF4F921E7CF030017BD4F /* Main.storyboard */ = {
			isa = PBXVariantGroup;
			children = (
				CDEFF4FA21E7CF030017BD4F /* Base */,
			);
			name = Main.storyboard;
			sourceTree = "<group>";
		};
		CDEFF4FE21E7CF0B0017BD4F /* LaunchScreen.storyboard */ = {
			isa = PBXVariantGroup;
			children = (
				CDEFF4FF21E7CF0B0017BD4F /* Base */,
			);
			name = LaunchScreen.storyboard;
			sourceTree = "<group>";
		};
/* End PBXVariantGroup section */

/* Begin XCBuildConfiguration section */
		CDEFF50221E7CF0B0017BD4F /* Debug */ = {
			isa = XCBuildConfiguration;
			buildSettings = {
				ALWAYS_SEARCH_USER_PATHS = NO;
				CLANG_ANALYZER_NONNULL = YES;
				CLANG_ANALYZER_NUMBER_OBJECT_CONVERSION = YES_AGGRESSIVE;
				CLANG_CXX_LANGUAGE_STANDARD = "gnu++14";
				CLANG_CXX_LIBRARY = "libc++";
				CLANG_ENABLE_MODULES = YES;
				CLANG_ENABLE_OBJC_ARC = YES;
				CLANG_ENABLE_OBJC_WEAK = YES;
				CLANG_WARN_BLOCK_CAPTURE_AUTORELEASING = YES;
				CLANG_WARN_BOOL_CONVERSION = YES;
				CLANG_WARN_COMMA = YES;
				CLANG_WARN_CONSTANT_CONVERSION = YES;
				CLANG_WARN_DEPRECATED_OBJC_IMPLEMENTATIONS = YES;
				CLANG_WARN_DIRECT_OBJC_ISA_USAGE = YES_ERROR;
				CLANG_WARN_DOCUMENTATION_COMMENTS = YES;
				CLANG_WARN_EMPTY_BODY = YES;
				CLANG_WARN_ENUM_CONVERSION = YES;
				CLANG_WARN_INFINITE_RECURSION = YES;
				CLANG_WARN_INT_CONVERSION = YES;
				CLANG_WARN_NON_LITERAL_NULL_CONVERSION = YES;
				CLANG_WARN_OBJC_IMPLICIT_RETAIN_SELF = YES;
				CLANG_WARN_OBJC_LITERAL_CONVERSION = YES;
				CLANG_WARN_OBJC_ROOT_CLASS = YES_ERROR;
				CLANG_WARN_RANGE_LOOP_ANALYSIS = YES;
				CLANG_WARN_STRICT_PROTOTYPES = YES;
				CLANG_WARN_SUSPICIOUS_MOVE = YES;
				CLANG_WARN_UNGUARDED_AVAILABILITY = YES_AGGRESSIVE;
				CLANG_WARN_UNREACHABLE_CODE = YES;
				CLANG_WARN__DUPLICATE_METHOD_MATCH = YES;
				CODE_SIGN_IDENTITY = "iPhone Developer";
				COPY_PHASE_STRIP = NO;
				DEBUG_INFORMATION_FORMAT = dwarf;
				ENABLE_STRICT_OBJC_MSGSEND = YES;
				ENABLE_TESTABILITY = YES;
				GCC_C_LANGUAGE_STANDARD = gnu11;
				GCC_DYNAMIC_NO_PIC = NO;
				GCC_NO_COMMON_BLOCKS = YES;
				GCC_OPTIMIZATION_LEVEL = 0;
				GCC_PREPROCESSOR_DEFINITIONS = (
					"DEBUG=1",
					"$(inherited)",
				);
				GCC_WARN_64_TO_32_BIT_CONVERSION = YES;
				GCC_WARN_ABOUT_RETURN_TYPE = YES_ERROR;
				GCC_WARN_UNDECLARED_SELECTOR = YES;
				GCC_WARN_UNINITIALIZED_AUTOS = YES_AGGRESSIVE;
				GCC_WARN_UNUSED_FUNCTION = YES;
				GCC_WARN_UNUSED_VARIABLE = YES;
				IPHONEOS_DEPLOYMENT_TARGET = 12.0;
				MTL_ENABLE_DEBUG_INFO = INCLUDE_SOURCE;
				MTL_FAST_MATH = YES;
				ONLY_ACTIVE_ARCH = YES;
				SDKROOT = iphoneos;
				SWIFT_ACTIVE_COMPILATION_CONDITIONS = DEBUG;
				SWIFT_OPTIMIZATION_LEVEL = "-Onone";
			};
			name = Debug;
		};
		CDEFF50321E7CF0B0017BD4F /* Release */ = {
			isa = XCBuildConfiguration;
			buildSettings = {
				ALWAYS_SEARCH_USER_PATHS = NO;
				CLANG_ANALYZER_NONNULL = YES;
				CLANG_ANALYZER_NUMBER_OBJECT_CONVERSION = YES_AGGRESSIVE;
				CLANG_CXX_LANGUAGE_STANDARD = "gnu++14";
				CLANG_CXX_LIBRARY = "libc++";
				CLANG_ENABLE_MODULES = YES;
				CLANG_ENABLE_OBJC_ARC = YES;
				CLANG_ENABLE_OBJC_WEAK = YES;
				CLANG_WARN_BLOCK_CAPTURE_AUTORELEASING = YES;
				CLANG_WARN_BOOL_CONVERSION = YES;
				CLANG_WARN_COMMA = YES;
				CLANG_WARN_CONSTANT_CONVERSION = YES;
				CLANG_WARN_DEPRECATED_OBJC_IMPLEMENTATIONS = YES;
				CLANG_WARN_DIRECT_OBJC_ISA_USAGE = YES_ERROR;
				CLANG_WARN_DOCUMENTATION_COMMENTS = YES;
				CLANG_WARN_EMPTY_BODY = YES;
				CLANG_WARN_ENUM_CONVERSION = YES;
				CLANG_WARN_INFINITE_RECURSION = YES;
				CLANG_WARN_INT_CONVERSION = YES;
				CLANG_WARN_NON_LITERAL_NULL_CONVERSION = YES;
				CLANG_WARN_OBJC_IMPLICIT_RETAIN_SELF = YES;
				CLANG_WARN_OBJC_LITERAL_CONVERSION = YES;
				CLANG_WARN_OBJC_ROOT_CLASS = YES_ERROR;
				CLANG_WARN_RANGE_LOOP_ANALYSIS = YES;
				CLANG_WARN_STRICT_PROTOTYPES = YES;
				CLANG_WARN_SUSPICIOUS_MOVE = YES;
				CLANG_WARN_UNGUARDED_AVAILABILITY = YES_AGGRESSIVE;
				CLANG_WARN_UNREACHABLE_CODE = YES;
				CLANG_WARN__DUPLICATE_METHOD_MATCH = YES;
				CODE_SIGN_IDENTITY = "iPhone Developer";
				COPY_PHASE_STRIP = NO;
				DEBUG_INFORMATION_FORMAT = "dwarf-with-dsym";
				ENABLE_NS_ASSERTIONS = NO;
				ENABLE_STRICT_OBJC_MSGSEND = YES;
				GCC_C_LANGUAGE_STANDARD = gnu11;
				GCC_NO_COMMON_BLOCKS = YES;
				GCC_WARN_64_TO_32_BIT_CONVERSION = YES;
				GCC_WARN_ABOUT_RETURN_TYPE = YES_ERROR;
				GCC_WARN_UNDECLARED_SELECTOR = YES;
				GCC_WARN_UNINITIALIZED_AUTOS = YES_AGGRESSIVE;
				GCC_WARN_UNUSED_FUNCTION = YES;
				GCC_WARN_UNUSED_VARIABLE = YES;
				IPHONEOS_DEPLOYMENT_TARGET = 12.0;
				MTL_ENABLE_DEBUG_INFO = NO;
				MTL_FAST_MATH = YES;
				SDKROOT = iphoneos;
				SWIFT_COMPILATION_MODE = wholemodule;
				SWIFT_OPTIMIZATION_LEVEL = "-O";
				VALIDATE_PRODUCT = YES;
			};
			name = Release;
		};
		CDEFF50521E7CF0B0017BD4F /* Debug */ = {
			isa = XCBuildConfiguration;
			buildSettings = {
				ASSETCATALOG_COMPILER_APPICON_NAME = AppIcon;
				CODE_SIGN_STYLE = Automatic;
				INFOPLIST_FILE = "$(SRCROOT)/GlobalImpactApp/Resources/Info.plist";
				LD_RUNPATH_SEARCH_PATHS = (
					"$(inherited)",
					"@executable_path/Frameworks",
				);
				PRODUCT_BUNDLE_IDENTIFIER = CTEC.GlobalImpactApp;
				PRODUCT_NAME = "$(TARGET_NAME)";
				SWIFT_VERSION = 4.2;
				TARGETED_DEVICE_FAMILY = "1,2";
			};
			name = Debug;
		};
		CDEFF50621E7CF0B0017BD4F /* Release */ = {
			isa = XCBuildConfiguration;
			buildSettings = {
				ASSETCATALOG_COMPILER_APPICON_NAME = AppIcon;
				CODE_SIGN_STYLE = Automatic;
				INFOPLIST_FILE = "$(SRCROOT)/GlobalImpactApp/Resources/Info.plist";
				LD_RUNPATH_SEARCH_PATHS = (
					"$(inherited)",
					"@executable_path/Frameworks",
				);
				PRODUCT_BUNDLE_IDENTIFIER = CTEC.GlobalImpactApp;
				PRODUCT_NAME = "$(TARGET_NAME)";
				SWIFT_VERSION = 4.2;
				TARGETED_DEVICE_FAMILY = "1,2";
			};
			name = Release;
		};
/* End XCBuildConfiguration section */

/* Begin XCConfigurationList section */
		CDEFF4ED21E7CF020017BD4F /* Build configuration list for PBXProject "GlobalImpactApp" */ = {
			isa = XCConfigurationList;
			buildConfigurations = (
				CDEFF50221E7CF0B0017BD4F /* Debug */,
				CDEFF50321E7CF0B0017BD4F /* Release */,
			);
			defaultConfigurationIsVisible = 0;
			defaultConfigurationName = Release;
		};
		CDEFF50421E7CF0B0017BD4F /* Build configuration list for PBXNativeTarget "GlobalImpactApp" */ = {
			isa = XCConfigurationList;
			buildConfigurations = (
				CDEFF50521E7CF0B0017BD4F /* Debug */,
				CDEFF50621E7CF0B0017BD4F /* Release */,
			);
			defaultConfigurationIsVisible = 0;
			defaultConfigurationName = Release;
		};
/* End XCConfigurationList section */
	};
	rootObject = CDEFF4EA21E7CF020017BD4F /* Project object */;
}
